
Microsoft Visual Studio Solution File, Format Version 12.00
# Visual Studio Version 16
VisualStudioVersion = 16.0.30717.126
MinimumVisualStudioVersion = 10.0.40219.1
Project("{888888A0-9F3D-457C-B088-3A5042F75D52}") = "Pythonapplication5", "Pythonapplication5\Pythonapplication5.pyproj", "{7FFB76B5-084A-4AF7-B01F-96D69F903779}"
EndProject
Global
	GlobalSection(SolutionConfigurationPlatforms) = preSolution
		Debug|Any CPU = Debug|Any CPU
		Release|Any CPU = Release|Any CPU
	EndGlobalSection
	GlobalSection(ProjectConfigurationPlatforms) = postSolution
		{7FFB76B5-084A-4AF7-B01F-96D69F903779}.Debug|Any CPU.ActiveCfg = Debug|Any CPU
		{7FFB76B5-084A-4AF7-B01F-96D69F903779}.Release|Any CPU.ActiveCfg = Release|Any CPU
	EndGlobalSection
	GlobalSection(SolutionProperties) = preSolution
		HideSolutionNode = FALSE
	EndGlobalSection
	GlobalSection(ExtensibilityGlobals) = postSolution
		SolutionGuid = {68DF99CF-198C-48CB-8642-1ACB2ECFA15F}
	EndGlobalSection
EndGlobal
