
Microsoft Visual Studio Solution File, Format Version 12.00
# Visual Studio Version 16
VisualStudioVersion = 16.0.30717.126
MinimumVisualStudioVersion = 10.0.40219.1
Project("{888888A0-9F3D-457C-B088-3A5042F75D52}") = "PythonApplication12", "PythonApplication12\PythonApplication12.pyproj", "{507406C3-6AB7-4C3D-8C8A-4CF317352ECD}"
EndProject
Global
	GlobalSection(SolutionConfigurationPlatforms) = preSolution
		Debug|Any CPU = Debug|Any CPU
		Release|Any CPU = Release|Any CPU
	EndGlobalSection
	GlobalSection(ProjectConfigurationPlatforms) = postSolution
		{507406C3-6AB7-4C3D-8C8A-4CF317352ECD}.Debug|Any CPU.ActiveCfg = Debug|Any CPU
		{507406C3-6AB7-4C3D-8C8A-4CF317352ECD}.Release|Any CPU.ActiveCfg = Release|Any CPU
	EndGlobalSection
	GlobalSection(SolutionProperties) = preSolution
		HideSolutionNode = FALSE
	EndGlobalSection
	GlobalSection(ExtensibilityGlobals) = postSolution
		SolutionGuid = {A89F9750-DD28-426E-BBE9-DA7D65BA0DAD}
	EndGlobalSection
EndGlobal
