
Microsoft Visual Studio Solution File, Format Version 12.00
# Visual Studio Version 16
VisualStudioVersion = 16.0.30717.126
MinimumVisualStudioVersion = 10.0.40219.1
Project("{888888A0-9F3D-457C-B088-3A5042F75D52}") = "PythonApplication15", "PythonApplication15\PythonApplication15.pyproj", "{4F5AA6CA-EB04-44B9-9420-E1E9B8F495A2}"
EndProject
Global
	GlobalSection(SolutionConfigurationPlatforms) = preSolution
		Debug|Any CPU = Debug|Any CPU
		Release|Any CPU = Release|Any CPU
	EndGlobalSection
	GlobalSection(ProjectConfigurationPlatforms) = postSolution
		{4F5AA6CA-EB04-44B9-9420-E1E9B8F495A2}.Debug|Any CPU.ActiveCfg = Debug|Any CPU
		{4F5AA6CA-EB04-44B9-9420-E1E9B8F495A2}.Release|Any CPU.ActiveCfg = Release|Any CPU
	EndGlobalSection
	GlobalSection(SolutionProperties) = preSolution
		HideSolutionNode = FALSE
	EndGlobalSection
	GlobalSection(ExtensibilityGlobals) = postSolution
		SolutionGuid = {C2C96759-4F35-4F5B-858A-54B0455BCC6E}
	EndGlobalSection
EndGlobal
