
Microsoft Visual Studio Solution File, Format Version 12.00
# Visual Studio Version 16
VisualStudioVersion = 16.0.30717.126
MinimumVisualStudioVersion = 10.0.40219.1
Project("{888888A0-9F3D-457C-B088-3A5042F75D52}") = "PythonApplication9", "PythonApplication9\PythonApplication9.pyproj", "{AAD13DCB-28E3-479B-9AB5-751C7E0F8FC2}"
EndProject
Global
	GlobalSection(SolutionConfigurationPlatforms) = preSolution
		Debug|Any CPU = Debug|Any CPU
		Release|Any CPU = Release|Any CPU
	EndGlobalSection
	GlobalSection(ProjectConfigurationPlatforms) = postSolution
		{AAD13DCB-28E3-479B-9AB5-751C7E0F8FC2}.Debug|Any CPU.ActiveCfg = Debug|Any CPU
		{AAD13DCB-28E3-479B-9AB5-751C7E0F8FC2}.Release|Any CPU.ActiveCfg = Release|Any CPU
	EndGlobalSection
	GlobalSection(SolutionProperties) = preSolution
		HideSolutionNode = FALSE
	EndGlobalSection
	GlobalSection(ExtensibilityGlobals) = postSolution
		SolutionGuid = {28AA7E81-5F99-44FE-9354-5FD8B997F584}
	EndGlobalSection
EndGlobal
